schema: '2.0'
stages:
  data_ingestion:
    cmd: python src/data/data_ingestion.py
    deps:
    - path: src/data/data_ingestion.py
      hash: md5
      md5: bb90bfe1d3421ae80bc439a161d04e3e
      size: 3449
    params:
      params.yaml:
        data_ingestion.test_size: 0.2
    outs:
    - path: data/raw
      hash: md5
      md5: 6d7c9717b531961233cd66af69381384.dir
      size: 817597
      nfiles: 2
  data_preprocessing:
    cmd: python src/data/data_preprocessing.py
    deps:
    - path: data/raw
      hash: md5
      md5: 6d7c9717b531961233cd66af69381384.dir
      size: 817597
      nfiles: 2
    - path: src/data/data_preprocessing.py
      hash: md5
      md5: 2031843912c4af269f668db21e154783
      size: 3895
    outs:
    - path: data/interim
      hash: md5
      md5: 5272793cc3d1ae26222b405b62627d4a.dir
      size: 562257
      nfiles: 2
  feature_engineering:
    cmd: python src/features/feature_engineering.py
    deps:
    - path: data/interim
      hash: md5
      md5: 5272793cc3d1ae26222b405b62627d4a.dir
      size: 562257
      nfiles: 2
    - path: src/features/feature_engineering.py
      hash: md5
      md5: a4e2c9d9336aabf06653beacce87912e
      size: 3770
    params:
      params.yaml:
        feature_engineering.max_features: 3000
    outs:
    - path: data/processed
      hash: md5
      md5: c200f8687b5ecd39e06fa7f304821cbd.dir
      size: 62292540
      nfiles: 2
    - path: models/vectorizer.pkl
      hash: md5
      md5: 41a7c916279746cfc161663152c89286
      size: 82996
  model_building:
    cmd: python src/model/model_building.py
    deps:
    - path: data/processed
      hash: md5
      md5: c200f8687b5ecd39e06fa7f304821cbd.dir
      size: 62292540
      nfiles: 2
    - path: src/model/model_building.py
      hash: md5
      md5: 4d89bb8181366c524ab585b55705b265
      size: 2298
    outs:
    - path: models/model.pkl
      hash: md5
      md5: fb2226f4804a9bccae59bc5121370f6a
      size: 24717
  model_evaluation:
    cmd: python src/model/model_evaluation.py
    deps:
    - path: models/model.pkl
      hash: md5
      md5: fb2226f4804a9bccae59bc5121370f6a
      size: 24717
    - path: src/model/model_evaluation.py
      hash: md5
      md5: 690642738b3c54f4b790800667e4279f
      size: 5161
    outs:
    - path: reports/experiment_info.json
      hash: md5
      md5: 2822ef095d264fcd3b79d6405447367e
      size: 79
    - path: reports/metrics.json
      hash: md5
      md5: 8cf53d9b9d9ee5c0813033331970830f
      size: 140
  model_registration:
    cmd: python src/model/register_model.py
    deps:
    - path: reports/experiment_info.json
      hash: md5
      md5: 2822ef095d264fcd3b79d6405447367e
      size: 79
    - path: src/model/register_model.py
      hash: md5
      md5: 11329c5e1408b7dc91cc797408159abb
      size: 2464
